<?xml version="1.0" encoding="utf-8"?>
<Project ToolsVersion="4.0" xmlns="http://schemas.microsoft.com/developer/msbuild/2003">
  <ItemGroup>
    <Filter Include="Source Files">
      <UniqueIdentifier>{4FC737F1-C7A5-4376-A066-2A32D752A2FF}</UniqueIdentifier>
      <Extensions>cpp;cxx;c;def</Extensions>
    </Filter>
    <Filter Include="Header Files">
      <UniqueIdentifier>{93995380-89BD-4b04-88EB-625FBE52EBFB}</UniqueIdentifier>
      <Extensions>h</Extensions>
    </Filter>
    <Filter Include="Form Files">
      <UniqueIdentifier>{99349809-55BA-4b9d-BF79-8FDBB0286EB3}</UniqueIdentifier>
      <Extensions>ui</Extensions>
    </Filter>
    <Filter Include="Resource Files">
      <UniqueIdentifier>{D9D6E242-F8AF-46E4-B9FD-80ECBC20BA3E}</UniqueIdentifier>
      <Extensions>qrc;*</Extensions>
      <ParseFiles>false</ParseFiles>
    </Filter>
    <Filter Include="Generated Files">
      <UniqueIdentifier>{71ED8ED8-ACB9-4CE9-BBE1-E00B30144E11}</UniqueIdentifier>
      <Extensions>moc;h;cpp</Extensions>
      <SourceControlFiles>False</SourceControlFiles>
    </Filter>
    <Filter Include="Generated Files\Debug">
      <UniqueIdentifier>{2045577b-335a-401b-873d-ba9ccdb8cc93}</UniqueIdentifier>
      <Extensions>cpp;moc</Extensions>
      <SourceControlFiles>False</SourceControlFiles>
    </Filter>
    <Filter Include="Generated Files\Release">
      <UniqueIdentifier>{a750f09a-0dc8-42e0-88b3-f330dbbf6ed6}</UniqueIdentifier>
      <Extensions>cpp;moc</Extensions>
      <SourceControlFiles>False</SourceControlFiles>
    </Filter>
    <Filter Include="Source Files\common">
      <UniqueIdentifier>{9a0cf28e-8a6f-406a-ade0-42c12248e911}</UniqueIdentifier>
    </Filter>
    <Filter Include="Header Files\include">
      <UniqueIdentifier>{d050be65-210d-4caf-aa46-f7ac68771992}</UniqueIdentifier>
    </Filter>
  </ItemGroup>
  <ItemGroup>
    <ClCompile Include="stdafx.cpp">
      <Filter>Source Files</Filter>
    </ClCompile>
    <ClCompile Include="main.cpp">
      <Filter>Source Files</Filter>
    </ClCompile>
    <ClCompile Include="RobotXC.cpp">
      <Filter>Source Files</Filter>
    </ClCompile>
    <ClCompile Include="GeneratedFiles\Debug\moc_RobotXC.cpp">
      <Filter>Generated Files\Debug</Filter>
    </ClCompile>
    <ClCompile Include="GeneratedFiles\Release\moc_RobotXC.cpp">
      <Filter>Generated Files\Release</Filter>
    </ClCompile>
    <ClCompile Include="GeneratedFiles\qrc_robotxc.cpp">
      <Filter>Generated Files</Filter>
    </ClCompile>
    <ClCompile Include="XCVoice.cpp">
      <Filter>Source Files</Filter>
    </ClCompile>
    <ClCompile Include="common\AccountInfo.cpp">
      <Filter>Source Files\common</Filter>
    </ClCompile>
    <ClCompile Include="common\CommonTool.cpp">
      <Filter>Source Files\common</Filter>
    </ClCompile>
    <ClCompile Include="common\FileReader.cpp">
      <Filter>Source Files\common</Filter>
    </ClCompile>
  </ItemGroup>
  <ItemGroup>
    <ClInclude Include="stdafx.h">
      <Filter>Header Files</Filter>
    </ClInclude>
    <ClInclude Include="GeneratedFiles\ui_robotxc.h">
      <Filter>Generated Files</Filter>
    </ClInclude>
    <ClInclude Include="XCVoice.h">
      <Filter>Header Files</Filter>
    </ClInclude>
    <ClInclude Include="common\AccountInfo.h">
      <Filter>Source Files\common</Filter>
    </ClInclude>
    <ClInclude Include="common\CommonTool.h">
      <Filter>Source Files\common</Filter>
    </ClInclude>
    <ClInclude Include="common\FileReader.h">
      <Filter>Source Files\common</Filter>
    </ClInclude>
    <ClInclude Include="include\hci_asr.h">
      <Filter>Header Files\include</Filter>
    </ClInclude>
    <ClInclude Include="include\hci_asr_recorder.h">
      <Filter>Header Files\include</Filter>
    </ClInclude>
    <ClInclude Include="include\hci_sys.h">
      <Filter>Header Files\include</Filter>
    </ClInclude>
    <ClInclude Include="include\hci_tts.h">
      <Filter>Header Files\include</Filter>
    </ClInclude>
    <ClInclude Include="include\hci_tts_player.h">
      <Filter>Header Files\include</Filter>
    </ClInclude>
  </ItemGroup>
  <ItemGroup>
    <CustomBuild Include="RobotXC.h">
      <Filter>Header Files</Filter>
    </CustomBuild>
    <CustomBuild Include="robotxc.ui">
      <Filter>Form Files</Filter>
    </CustomBuild>
    <CustomBuild Include="robotxc.qrc">
      <Filter>Resource Files</Filter>
    </CustomBuild>
  </ItemGroup>
  <ItemGroup>
    <ResourceCompile Include="RobotXC.rc" />
  </ItemGroup>
</Project>